
Microsoft Visual Studio Solution File, Format Version 12.00
# Visual Studio Version 16
VisualStudioVersion = 16.0.30114.105
MinimumVisualStudioVersion = 10.0.40219.1
Project("{FAE04EC0-301F-11D3-BF4B-00C04F79EFBC}") = "Directeur_PPE3_DAO", "Directeur_PPE3_DAO.csproj", "{54121791-C370-46D8-920D-D757A7D0EC67}"
EndProject
Global
	GlobalSection(SolutionConfigurationPlatforms) = preSolution
		Debug|Any CPU = Debug|Any CPU
		Release|Any CPU = Release|Any CPU
	EndGlobalSection
	GlobalSection(ProjectConfigurationPlatforms) = postSolution
		{54121791-C370-46D8-920D-D757A7D0EC67}.Debug|Any CPU.ActiveCfg = Debug|Any CPU
		{54121791-C370-46D8-920D-D757A7D0EC67}.Debug|Any CPU.Build.0 = Debug|Any CPU
		{54121791-C370-46D8-920D-D757A7D0EC67}.Release|Any CPU.ActiveCfg = Release|Any CPU
		{54121791-C370-46D8-920D-D757A7D0EC67}.Release|Any CPU.Build.0 = Release|Any CPU
	EndGlobalSection
	GlobalSection(SolutionProperties) = preSolution
		HideSolutionNode = FALSE
	EndGlobalSection
	GlobalSection(ExtensibilityGlobals) = postSolution
		SolutionGuid = {7AB20C48-02CF-44A7-93DC-4EC49E901228}
	EndGlobalSection
EndGlobal
